
Microsoft Visual Studio Solution File, Format Version 12.00
# Visual Studio Version 17
VisualStudioVersion = 17.1.32421.90
MinimumVisualStudioVersion = 10.0.40219.1
Project("{F184B08F-C81C-45F6-A57F-5ABD9991F28F}") = "Smoke Calculator v3", "Smoke Calculator v3\Smoke Calculator v3.vbproj", "{812E78BE-B657-4ABD-A1BC-27C6B3CE9C53}"
EndProject
Project("{2150E333-8FDC-42A3-9474-1A3956D46DE8}") = "Solution Items", "Solution Items", "{5521B95D-C507-4477-AC22-8F2E6C951DB1}"
	ProjectSection(SolutionItems) = preProject
		.editorconfig = .editorconfig
	EndProjectSection
EndProject
Global
	GlobalSection(SolutionConfigurationPlatforms) = preSolution
		Debug|Any CPU = Debug|Any CPU
		Debug|x86 = Debug|x86
		Release|Any CPU = Release|Any CPU
		Release|x86 = Release|x86
	EndGlobalSection
	GlobalSection(ProjectConfigurationPlatforms) = postSolution
		{812E78BE-B657-4ABD-A1BC-27C6B3CE9C53}.Debug|Any CPU.ActiveCfg = Debug|x86
		{812E78BE-B657-4ABD-A1BC-27C6B3CE9C53}.Debug|Any CPU.Build.0 = Debug|x86
		{812E78BE-B657-4ABD-A1BC-27C6B3CE9C53}.Debug|x86.ActiveCfg = Debug|x86
		{812E78BE-B657-4ABD-A1BC-27C6B3CE9C53}.Debug|x86.Build.0 = Debug|x86
		{812E78BE-B657-4ABD-A1BC-27C6B3CE9C53}.Release|Any CPU.ActiveCfg = Release|x86
		{812E78BE-B657-4ABD-A1BC-27C6B3CE9C53}.Release|Any CPU.Build.0 = Release|x86
		{812E78BE-B657-4ABD-A1BC-27C6B3CE9C53}.Release|x86.ActiveCfg = Release|x86
		{812E78BE-B657-4ABD-A1BC-27C6B3CE9C53}.Release|x86.Build.0 = Release|x86
	EndGlobalSection
	GlobalSection(SolutionProperties) = preSolution
		HideSolutionNode = FALSE
	EndGlobalSection
	GlobalSection(ExtensibilityGlobals) = postSolution
		SolutionGuid = {85913D86-1A89-4CBE-AB9F-F7E865BF245A}
	EndGlobalSection
EndGlobal
